
Microsoft Visual Studio Solution File, Format Version 11.00
# Visual Studio 2010
Project("{FAE04EC0-301F-11D3-BF4B-00C04F79EFBC}") = "GenericsExample", "GenericsExample\GenericsExample.csproj", "{48360AED-BC7A-4F61-B4F6-994A76BBFD9F}"
EndProject
Project("{FAE04EC0-301F-11D3-BF4B-00C04F79EFBC}") = "GenericsExampleTests", "GenericsExampleTests\GenericsExampleTests.csproj", "{58A5A3B3-5CC1-48DE-BE70-E6E20563972A}"
EndProject
Global
	GlobalSection(SolutionConfigurationPlatforms) = preSolution
		Debug|Any CPU = Debug|Any CPU
		Release|Any CPU = Release|Any CPU
	EndGlobalSection
	GlobalSection(ProjectConfigurationPlatforms) = postSolution
		{48360AED-BC7A-4F61-B4F6-994A76BBFD9F}.Debug|Any CPU.ActiveCfg = Debug|Any CPU
		{48360AED-BC7A-4F61-B4F6-994A76BBFD9F}.Debug|Any CPU.Build.0 = Debug|Any CPU
		{48360AED-BC7A-4F61-B4F6-994A76BBFD9F}.Release|Any CPU.ActiveCfg = Release|Any CPU
		{48360AED-BC7A-4F61-B4F6-994A76BBFD9F}.Release|Any CPU.Build.0 = Release|Any CPU
		{58A5A3B3-5CC1-48DE-BE70-E6E20563972A}.Debug|Any CPU.ActiveCfg = Debug|Any CPU
		{58A5A3B3-5CC1-48DE-BE70-E6E20563972A}.Debug|Any CPU.Build.0 = Debug|Any CPU
		{58A5A3B3-5CC1-48DE-BE70-E6E20563972A}.Release|Any CPU.ActiveCfg = Release|Any CPU
		{58A5A3B3-5CC1-48DE-BE70-E6E20563972A}.Release|Any CPU.Build.0 = Release|Any CPU
	EndGlobalSection
	GlobalSection(MonoDevelopProperties) = preSolution
		StartupItem = GenericsExample\GenericsExample.csproj
	EndGlobalSection
EndGlobal
