
Microsoft Visual Studio Solution File, Format Version 11.00
# Visual Studio 2010
Project("{FAE04EC0-301F-11D3-BF4B-00C04F79EFBC}") = "DotNetExamples", "DotNetExamples.csproj", "{2B0ED372-DC1B-49B8-BE05-613D3BEAEDAF}"
EndProject
Project("{FAE04EC0-301F-11D3-BF4B-00C04F79EFBC}") = "DotNetExamplesTests", "..\DotNetExamplesTests\DotNetExamplesTests.csproj", "{C3959A1E-E86A-4403-B83A-EDA2BEF665A4}"
EndProject
Global
	GlobalSection(SolutionConfigurationPlatforms) = preSolution
		Debug|Any CPU = Debug|Any CPU
		Release|Any CPU = Release|Any CPU
	EndGlobalSection
	GlobalSection(ProjectConfigurationPlatforms) = postSolution
		{2B0ED372-DC1B-49B8-BE05-613D3BEAEDAF}.Debug|Any CPU.ActiveCfg = Debug|Any CPU
		{2B0ED372-DC1B-49B8-BE05-613D3BEAEDAF}.Debug|Any CPU.Build.0 = Debug|Any CPU
		{2B0ED372-DC1B-49B8-BE05-613D3BEAEDAF}.Release|Any CPU.ActiveCfg = Release|Any CPU
		{2B0ED372-DC1B-49B8-BE05-613D3BEAEDAF}.Release|Any CPU.Build.0 = Release|Any CPU
		{C3959A1E-E86A-4403-B83A-EDA2BEF665A4}.Debug|Any CPU.ActiveCfg = Debug|Any CPU
		{C3959A1E-E86A-4403-B83A-EDA2BEF665A4}.Debug|Any CPU.Build.0 = Debug|Any CPU
		{C3959A1E-E86A-4403-B83A-EDA2BEF665A4}.Release|Any CPU.ActiveCfg = Release|Any CPU
		{C3959A1E-E86A-4403-B83A-EDA2BEF665A4}.Release|Any CPU.Build.0 = Release|Any CPU
	EndGlobalSection
	GlobalSection(MonoDevelopProperties) = preSolution
		StartupItem = DotNetExamples.csproj
	EndGlobalSection
EndGlobal
