
Microsoft Visual Studio Solution File, Format Version 11.00
# Visual Studio 2010
Project("{FAE04EC0-301F-11D3-BF4B-00C04F79EFBC}") = "ADODotNetAndMySQLTests", "ADO.Net&MySQLTests\ADODotNetAndMySQLTests.csproj", "{59D71B88-7088-48F6-A000-926B581C0FC7}"
EndProject
Project("{FAE04EC0-301F-11D3-BF4B-00C04F79EFBC}") = "ADODotNetAndMySQL", "ADO.Net&MySQL\ADODotNetAndMySQL.csproj", "{EE590FE3-0B03-42F7-A2C2-0CC23AD670EF}"
EndProject
Global
	GlobalSection(SolutionConfigurationPlatforms) = preSolution
		Debug|Any CPU = Debug|Any CPU
		Release|Any CPU = Release|Any CPU
	EndGlobalSection
	GlobalSection(ProjectConfigurationPlatforms) = postSolution
		{59D71B88-7088-48F6-A000-926B581C0FC7}.Debug|Any CPU.ActiveCfg = Debug|Any CPU
		{59D71B88-7088-48F6-A000-926B581C0FC7}.Debug|Any CPU.Build.0 = Debug|Any CPU
		{59D71B88-7088-48F6-A000-926B581C0FC7}.Release|Any CPU.ActiveCfg = Release|Any CPU
		{59D71B88-7088-48F6-A000-926B581C0FC7}.Release|Any CPU.Build.0 = Release|Any CPU
		{EE590FE3-0B03-42F7-A2C2-0CC23AD670EF}.Debug|Any CPU.ActiveCfg = Debug|Any CPU
		{EE590FE3-0B03-42F7-A2C2-0CC23AD670EF}.Debug|Any CPU.Build.0 = Debug|Any CPU
		{EE590FE3-0B03-42F7-A2C2-0CC23AD670EF}.Release|Any CPU.ActiveCfg = Release|Any CPU
		{EE590FE3-0B03-42F7-A2C2-0CC23AD670EF}.Release|Any CPU.Build.0 = Release|Any CPU
	EndGlobalSection
	GlobalSection(MonoDevelopProperties) = preSolution
		StartupItem = ADO.Net&MySQL\ADODotNetAndMySQL.csproj
	EndGlobalSection
EndGlobal
