
Microsoft Visual Studio Solution File, Format Version 11.00
# Visual Studio 2010
Project("{FAE04EC0-301F-11D3-BF4B-00C04F79EFBC}") = "NinjectExample", "NinjectExample\NinjectExample.csproj", "{2939B243-480F-476B-B525-9EC90C0B725F}"
EndProject
Project("{FAE04EC0-301F-11D3-BF4B-00C04F79EFBC}") = "NinjectExampleTests", "NinjectExampleTests\NinjectExampleTests.csproj", "{67981B23-1580-43D9-9317-6FADC84B05D9}"
EndProject
Global
	GlobalSection(SolutionConfigurationPlatforms) = preSolution
		Debug|Any CPU = Debug|Any CPU
		Release|Any CPU = Release|Any CPU
	EndGlobalSection
	GlobalSection(ProjectConfigurationPlatforms) = postSolution
		{2939B243-480F-476B-B525-9EC90C0B725F}.Debug|Any CPU.ActiveCfg = Debug|Any CPU
		{2939B243-480F-476B-B525-9EC90C0B725F}.Debug|Any CPU.Build.0 = Debug|Any CPU
		{2939B243-480F-476B-B525-9EC90C0B725F}.Release|Any CPU.ActiveCfg = Release|Any CPU
		{2939B243-480F-476B-B525-9EC90C0B725F}.Release|Any CPU.Build.0 = Release|Any CPU
		{67981B23-1580-43D9-9317-6FADC84B05D9}.Debug|Any CPU.ActiveCfg = Debug|Any CPU
		{67981B23-1580-43D9-9317-6FADC84B05D9}.Debug|Any CPU.Build.0 = Debug|Any CPU
		{67981B23-1580-43D9-9317-6FADC84B05D9}.Release|Any CPU.ActiveCfg = Release|Any CPU
		{67981B23-1580-43D9-9317-6FADC84B05D9}.Release|Any CPU.Build.0 = Release|Any CPU
	EndGlobalSection
	GlobalSection(MonoDevelopProperties) = preSolution
		StartupItem = NinjectExample\NinjectExample.csproj
	EndGlobalSection
EndGlobal
