
Microsoft Visual Studio Solution File, Format Version 11.00
# Visual Studio 2010
Project("{FAE04EC0-301F-11D3-BF4B-00C04F79EFBC}") = "NUnitCheatSheet", "NUnitCheatSheet\NUnitCheatSheet.csproj", "{ED635A4C-5777-4053-9C4E-6B51E3C55496}"
EndProject
Global
	GlobalSection(SolutionConfigurationPlatforms) = preSolution
		Debug|Any CPU = Debug|Any CPU
		Release|Any CPU = Release|Any CPU
	EndGlobalSection
	GlobalSection(ProjectConfigurationPlatforms) = postSolution
		{ED635A4C-5777-4053-9C4E-6B51E3C55496}.Debug|Any CPU.ActiveCfg = Debug|Any CPU
		{ED635A4C-5777-4053-9C4E-6B51E3C55496}.Debug|Any CPU.Build.0 = Debug|Any CPU
		{ED635A4C-5777-4053-9C4E-6B51E3C55496}.Release|Any CPU.ActiveCfg = Release|Any CPU
		{ED635A4C-5777-4053-9C4E-6B51E3C55496}.Release|Any CPU.Build.0 = Release|Any CPU
	EndGlobalSection
	GlobalSection(MonoDevelopProperties) = preSolution
		StartupItem = NUnitCheatSheet\NUnitCheatSheet.csproj
	EndGlobalSection
EndGlobal
